
Microsoft Visual Studio Solution File, Format Version 12.00
# Visual Studio Version 16
VisualStudioVersion = 16.0.30516.212
MinimumVisualStudioVersion = 10.0.40219.1
Project("{9A19103F-16F7-4668-BE54-9A1E7A4F7556}") = "ConsoleApp1", "ConsoleApp1\ConsoleApp1.csproj", "{6E098DFD-1825-4F47-BC3D-63CD577267DF}"
EndProject
Project("{FAE04EC0-301F-11D3-BF4B-00C04F79EFBC}") = "XUnitTestProject1", "XUnitTestProject1\XUnitTestProject1.csproj", "{29DDCC18-6058-428E-B505-BD83D19BD604}"
EndProject
Global
	GlobalSection(SolutionConfigurationPlatforms) = preSolution
		Debug|Any CPU = Debug|Any CPU
		Release|Any CPU = Release|Any CPU
	EndGlobalSection
	GlobalSection(ProjectConfigurationPlatforms) = postSolution
		{6E098DFD-1825-4F47-BC3D-63CD577267DF}.Debug|Any CPU.ActiveCfg = Debug|Any CPU
		{6E098DFD-1825-4F47-BC3D-63CD577267DF}.Debug|Any CPU.Build.0 = Debug|Any CPU
		{6E098DFD-1825-4F47-BC3D-63CD577267DF}.Release|Any CPU.ActiveCfg = Release|Any CPU
		{6E098DFD-1825-4F47-BC3D-63CD577267DF}.Release|Any CPU.Build.0 = Release|Any CPU
		{29DDCC18-6058-428E-B505-BD83D19BD604}.Debug|Any CPU.ActiveCfg = Debug|Any CPU
		{29DDCC18-6058-428E-B505-BD83D19BD604}.Debug|Any CPU.Build.0 = Debug|Any CPU
		{29DDCC18-6058-428E-B505-BD83D19BD604}.Release|Any CPU.ActiveCfg = Release|Any CPU
		{29DDCC18-6058-428E-B505-BD83D19BD604}.Release|Any CPU.Build.0 = Release|Any CPU
	EndGlobalSection
	GlobalSection(SolutionProperties) = preSolution
		HideSolutionNode = FALSE
	EndGlobalSection
	GlobalSection(ExtensibilityGlobals) = postSolution
		SolutionGuid = {0A73C822-105B-497D-A86C-F8DCC1E98D31}
	EndGlobalSection
EndGlobal
